
Microsoft Visual Studio Solution File, Format Version 12.00
# Visual Studio Version 16
VisualStudioVersion = 16.0.31205.134
MinimumVisualStudioVersion = 10.0.40219.1
Project("{FAE04EC0-301F-11D3-BF4B-00C04F79EFBC}") = "RazorPagesMovie16", "RazorPagesMovie16\RazorPagesMovie16.csproj", "{34A06531-75F6-495A-8BA0-A153F809C650}"
EndProject
Global
	GlobalSection(SolutionConfigurationPlatforms) = preSolution
		Debug|Any CPU = Debug|Any CPU
		Release|Any CPU = Release|Any CPU
	EndGlobalSection
	GlobalSection(ProjectConfigurationPlatforms) = postSolution
		{34A06531-75F6-495A-8BA0-A153F809C650}.Debug|Any CPU.ActiveCfg = Debug|Any CPU
		{34A06531-75F6-495A-8BA0-A153F809C650}.Debug|Any CPU.Build.0 = Debug|Any CPU
		{34A06531-75F6-495A-8BA0-A153F809C650}.Release|Any CPU.ActiveCfg = Release|Any CPU
		{34A06531-75F6-495A-8BA0-A153F809C650}.Release|Any CPU.Build.0 = Release|Any CPU
	EndGlobalSection
	GlobalSection(SolutionProperties) = preSolution
		HideSolutionNode = FALSE
	EndGlobalSection
	GlobalSection(ExtensibilityGlobals) = postSolution
		SolutionGuid = {8B1CDDD5-77A0-4664-9F12-5023408DFC9F}
	EndGlobalSection
EndGlobal
